
Microsoft Visual Studio Solution File, Format Version 12.00
# Visual Studio Version 16
VisualStudioVersion = 16.0.29306.81
MinimumVisualStudioVersion = 10.0.40219.1
Project("{9A19103F-16F7-4668-BE54-9A1E7A4F7556}") = "MyroWebClient", "MyroWebClient\MyroWebClient.csproj", "{7651C8B6-BE4C-41E5-8864-6F529EC85FE6}"
EndProject
Project("{9A19103F-16F7-4668-BE54-9A1E7A4F7556}") = "MyroWeb.ConsoleApp", "MyroWeb.ConsoleApp\MyroWeb.ConsoleApp.csproj", "{5F922AB6-B3D6-438F-8F2B-F0E738E15E63}"
EndProject
Project("{FAE04EC0-301F-11D3-BF4B-00C04F79EFBC}") = "MyroWebApi", "MyroWebApi\MyroWebApi.csproj", "{3C6A2C31-AAE5-4CFC-97ED-EEAF24F7AE18}"
EndProject
Global
	GlobalSection(SolutionConfigurationPlatforms) = preSolution
		Debug|Any CPU = Debug|Any CPU
		Debug|ARM = Debug|ARM
		Debug|iPhone = Debug|iPhone
		Debug|iPhoneSimulator = Debug|iPhoneSimulator
		Debug|x64 = Debug|x64
		Debug|x86 = Debug|x86
		Release|Any CPU = Release|Any CPU
		Release|ARM = Release|ARM
		Release|iPhone = Release|iPhone
		Release|iPhoneSimulator = Release|iPhoneSimulator
		Release|x64 = Release|x64
		Release|x86 = Release|x86
	EndGlobalSection
	GlobalSection(ProjectConfigurationPlatforms) = postSolution
		{7651C8B6-BE4C-41E5-8864-6F529EC85FE6}.Debug|Any CPU.ActiveCfg = Debug|Any CPU
		{7651C8B6-BE4C-41E5-8864-6F529EC85FE6}.Debug|Any CPU.Build.0 = Debug|Any CPU
		{7651C8B6-BE4C-41E5-8864-6F529EC85FE6}.Debug|ARM.ActiveCfg = Debug|Any CPU
		{7651C8B6-BE4C-41E5-8864-6F529EC85FE6}.Debug|ARM.Build.0 = Debug|Any CPU
		{7651C8B6-BE4C-41E5-8864-6F529EC85FE6}.Debug|iPhone.ActiveCfg = Debug|Any CPU
		{7651C8B6-BE4C-41E5-8864-6F529EC85FE6}.Debug|iPhone.Build.0 = Debug|Any CPU
		{7651C8B6-BE4C-41E5-8864-6F529EC85FE6}.Debug|iPhoneSimulator.ActiveCfg = Debug|Any CPU
		{7651C8B6-BE4C-41E5-8864-6F529EC85FE6}.Debug|iPhoneSimulator.Build.0 = Debug|Any CPU
		{7651C8B6-BE4C-41E5-8864-6F529EC85FE6}.Debug|x64.ActiveCfg = Debug|Any CPU
		{7651C8B6-BE4C-41E5-8864-6F529EC85FE6}.Debug|x64.Build.0 = Debug|Any CPU
		{7651C8B6-BE4C-41E5-8864-6F529EC85FE6}.Debug|x86.ActiveCfg = Debug|Any CPU
		{7651C8B6-BE4C-41E5-8864-6F529EC85FE6}.Debug|x86.Build.0 = Debug|Any CPU
		{7651C8B6-BE4C-41E5-8864-6F529EC85FE6}.Release|Any CPU.ActiveCfg = Release|Any CPU
		{7651C8B6-BE4C-41E5-8864-6F529EC85FE6}.Release|Any CPU.Build.0 = Release|Any CPU
		{7651C8B6-BE4C-41E5-8864-6F529EC85FE6}.Release|ARM.ActiveCfg = Release|Any CPU
		{7651C8B6-BE4C-41E5-8864-6F529EC85FE6}.Release|ARM.Build.0 = Release|Any CPU
		{7651C8B6-BE4C-41E5-8864-6F529EC85FE6}.Release|iPhone.ActiveCfg = Release|Any CPU
		{7651C8B6-BE4C-41E5-8864-6F529EC85FE6}.Release|iPhone.Build.0 = Release|Any CPU
		{7651C8B6-BE4C-41E5-8864-6F529EC85FE6}.Release|iPhoneSimulator.ActiveCfg = Release|Any CPU
		{7651C8B6-BE4C-41E5-8864-6F529EC85FE6}.Release|iPhoneSimulator.Build.0 = Release|Any CPU
		{7651C8B6-BE4C-41E5-8864-6F529EC85FE6}.Release|x64.ActiveCfg = Release|Any CPU
		{7651C8B6-BE4C-41E5-8864-6F529EC85FE6}.Release|x64.Build.0 = Release|Any CPU
		{7651C8B6-BE4C-41E5-8864-6F529EC85FE6}.Release|x86.ActiveCfg = Release|Any CPU
		{7651C8B6-BE4C-41E5-8864-6F529EC85FE6}.Release|x86.Build.0 = Release|Any CPU
		{5F922AB6-B3D6-438F-8F2B-F0E738E15E63}.Debug|Any CPU.ActiveCfg = Debug|Any CPU
		{5F922AB6-B3D6-438F-8F2B-F0E738E15E63}.Debug|Any CPU.Build.0 = Debug|Any CPU
		{5F922AB6-B3D6-438F-8F2B-F0E738E15E63}.Debug|ARM.ActiveCfg = Debug|Any CPU
		{5F922AB6-B3D6-438F-8F2B-F0E738E15E63}.Debug|ARM.Build.0 = Debug|Any CPU
		{5F922AB6-B3D6-438F-8F2B-F0E738E15E63}.Debug|iPhone.ActiveCfg = Debug|Any CPU
		{5F922AB6-B3D6-438F-8F2B-F0E738E15E63}.Debug|iPhone.Build.0 = Debug|Any CPU
		{5F922AB6-B3D6-438F-8F2B-F0E738E15E63}.Debug|iPhoneSimulator.ActiveCfg = Debug|Any CPU
		{5F922AB6-B3D6-438F-8F2B-F0E738E15E63}.Debug|iPhoneSimulator.Build.0 = Debug|Any CPU
		{5F922AB6-B3D6-438F-8F2B-F0E738E15E63}.Debug|x64.ActiveCfg = Debug|Any CPU
		{5F922AB6-B3D6-438F-8F2B-F0E738E15E63}.Debug|x64.Build.0 = Debug|Any CPU
		{5F922AB6-B3D6-438F-8F2B-F0E738E15E63}.Debug|x86.ActiveCfg = Debug|Any CPU
		{5F922AB6-B3D6-438F-8F2B-F0E738E15E63}.Debug|x86.Build.0 = Debug|Any CPU
		{5F922AB6-B3D6-438F-8F2B-F0E738E15E63}.Release|Any CPU.ActiveCfg = Release|Any CPU
		{5F922AB6-B3D6-438F-8F2B-F0E738E15E63}.Release|Any CPU.Build.0 = Release|Any CPU
		{5F922AB6-B3D6-438F-8F2B-F0E738E15E63}.Release|ARM.ActiveCfg = Release|Any CPU
		{5F922AB6-B3D6-438F-8F2B-F0E738E15E63}.Release|ARM.Build.0 = Release|Any CPU
		{5F922AB6-B3D6-438F-8F2B-F0E738E15E63}.Release|iPhone.ActiveCfg = Release|Any CPU
		{5F922AB6-B3D6-438F-8F2B-F0E738E15E63}.Release|iPhone.Build.0 = Release|Any CPU
		{5F922AB6-B3D6-438F-8F2B-F0E738E15E63}.Release|iPhoneSimulator.ActiveCfg = Release|Any CPU
		{5F922AB6-B3D6-438F-8F2B-F0E738E15E63}.Release|iPhoneSimulator.Build.0 = Release|Any CPU
		{5F922AB6-B3D6-438F-8F2B-F0E738E15E63}.Release|x64.ActiveCfg = Release|Any CPU
		{5F922AB6-B3D6-438F-8F2B-F0E738E15E63}.Release|x64.Build.0 = Release|Any CPU
		{5F922AB6-B3D6-438F-8F2B-F0E738E15E63}.Release|x86.ActiveCfg = Release|Any CPU
		{5F922AB6-B3D6-438F-8F2B-F0E738E15E63}.Release|x86.Build.0 = Release|Any CPU
		{3C6A2C31-AAE5-4CFC-97ED-EEAF24F7AE18}.Debug|Any CPU.ActiveCfg = Debug|Any CPU
		{3C6A2C31-AAE5-4CFC-97ED-EEAF24F7AE18}.Debug|Any CPU.Build.0 = Debug|Any CPU
		{3C6A2C31-AAE5-4CFC-97ED-EEAF24F7AE18}.Debug|ARM.ActiveCfg = Debug|Any CPU
		{3C6A2C31-AAE5-4CFC-97ED-EEAF24F7AE18}.Debug|ARM.Build.0 = Debug|Any CPU
		{3C6A2C31-AAE5-4CFC-97ED-EEAF24F7AE18}.Debug|iPhone.ActiveCfg = Debug|Any CPU
		{3C6A2C31-AAE5-4CFC-97ED-EEAF24F7AE18}.Debug|iPhone.Build.0 = Debug|Any CPU
		{3C6A2C31-AAE5-4CFC-97ED-EEAF24F7AE18}.Debug|iPhoneSimulator.ActiveCfg = Debug|Any CPU
		{3C6A2C31-AAE5-4CFC-97ED-EEAF24F7AE18}.Debug|iPhoneSimulator.Build.0 = Debug|Any CPU
		{3C6A2C31-AAE5-4CFC-97ED-EEAF24F7AE18}.Debug|x64.ActiveCfg = Debug|Any CPU
		{3C6A2C31-AAE5-4CFC-97ED-EEAF24F7AE18}.Debug|x64.Build.0 = Debug|Any CPU
		{3C6A2C31-AAE5-4CFC-97ED-EEAF24F7AE18}.Debug|x86.ActiveCfg = Debug|Any CPU
		{3C6A2C31-AAE5-4CFC-97ED-EEAF24F7AE18}.Debug|x86.Build.0 = Debug|Any CPU
		{3C6A2C31-AAE5-4CFC-97ED-EEAF24F7AE18}.Release|Any CPU.ActiveCfg = Release|Any CPU
		{3C6A2C31-AAE5-4CFC-97ED-EEAF24F7AE18}.Release|Any CPU.Build.0 = Release|Any CPU
		{3C6A2C31-AAE5-4CFC-97ED-EEAF24F7AE18}.Release|ARM.ActiveCfg = Release|Any CPU
		{3C6A2C31-AAE5-4CFC-97ED-EEAF24F7AE18}.Release|ARM.Build.0 = Release|Any CPU
		{3C6A2C31-AAE5-4CFC-97ED-EEAF24F7AE18}.Release|iPhone.ActiveCfg = Release|Any CPU
		{3C6A2C31-AAE5-4CFC-97ED-EEAF24F7AE18}.Release|iPhone.Build.0 = Release|Any CPU
		{3C6A2C31-AAE5-4CFC-97ED-EEAF24F7AE18}.Release|iPhoneSimulator.ActiveCfg = Release|Any CPU
		{3C6A2C31-AAE5-4CFC-97ED-EEAF24F7AE18}.Release|iPhoneSimulator.Build.0 = Release|Any CPU
		{3C6A2C31-AAE5-4CFC-97ED-EEAF24F7AE18}.Release|x64.ActiveCfg = Release|Any CPU
		{3C6A2C31-AAE5-4CFC-97ED-EEAF24F7AE18}.Release|x64.Build.0 = Release|Any CPU
		{3C6A2C31-AAE5-4CFC-97ED-EEAF24F7AE18}.Release|x86.ActiveCfg = Release|Any CPU
		{3C6A2C31-AAE5-4CFC-97ED-EEAF24F7AE18}.Release|x86.Build.0 = Release|Any CPU
	EndGlobalSection
	GlobalSection(SolutionProperties) = preSolution
		HideSolutionNode = FALSE
	EndGlobalSection
	GlobalSection(ExtensibilityGlobals) = postSolution
		SolutionGuid = {16E17530-CCD1-44CA-BB81-5DDB0880C722}
	EndGlobalSection
EndGlobal
